
Microsoft Visual Studio Solution File, Format Version 12.00
# Visual Studio Version 17
VisualStudioVersion = 17.2.32505.173
MinimumVisualStudioVersion = 10.0.40219.1
Project("{FAE04EC0-301F-11D3-BF4B-00C04F79EFBC}") = "DataAccess", "DataAccess\DataAccess.csproj", "{DACF2D0F-7DE6-4740-8690-EF94CED2C40F}"
EndProject
Project("{FAE04EC0-301F-11D3-BF4B-00C04F79EFBC}") = "Business", "Business\Business.csproj", "{72D7F5D9-AB71-4961-AF2B-C82EFD95422C}"
EndProject
Project("{FAE04EC0-301F-11D3-BF4B-00C04F79EFBC}") = "Entities", "Entities\Entities.csproj", "{7AA38FCD-0AFE-4336-8E55-E129E26131BF}"
EndProject
Project("{FAE04EC0-301F-11D3-BF4B-00C04F79EFBC}") = "ConsoleUI", "ConsoleUI\ConsoleUI.csproj", "{B7450A3E-120B-43BE-9AD0-EF88891438B9}"
EndProject
Global
	GlobalSection(SolutionConfigurationPlatforms) = preSolution
		Debug|Any CPU = Debug|Any CPU
		Release|Any CPU = Release|Any CPU
	EndGlobalSection
	GlobalSection(ProjectConfigurationPlatforms) = postSolution
		{DACF2D0F-7DE6-4740-8690-EF94CED2C40F}.Debug|Any CPU.ActiveCfg = Debug|Any CPU
		{DACF2D0F-7DE6-4740-8690-EF94CED2C40F}.Debug|Any CPU.Build.0 = Debug|Any CPU
		{DACF2D0F-7DE6-4740-8690-EF94CED2C40F}.Release|Any CPU.ActiveCfg = Release|Any CPU
		{DACF2D0F-7DE6-4740-8690-EF94CED2C40F}.Release|Any CPU.Build.0 = Release|Any CPU
		{72D7F5D9-AB71-4961-AF2B-C82EFD95422C}.Debug|Any CPU.ActiveCfg = Debug|Any CPU
		{72D7F5D9-AB71-4961-AF2B-C82EFD95422C}.Debug|Any CPU.Build.0 = Debug|Any CPU
		{72D7F5D9-AB71-4961-AF2B-C82EFD95422C}.Release|Any CPU.ActiveCfg = Release|Any CPU
		{72D7F5D9-AB71-4961-AF2B-C82EFD95422C}.Release|Any CPU.Build.0 = Release|Any CPU
		{7AA38FCD-0AFE-4336-8E55-E129E26131BF}.Debug|Any CPU.ActiveCfg = Debug|Any CPU
		{7AA38FCD-0AFE-4336-8E55-E129E26131BF}.Debug|Any CPU.Build.0 = Debug|Any CPU
		{7AA38FCD-0AFE-4336-8E55-E129E26131BF}.Release|Any CPU.ActiveCfg = Release|Any CPU
		{7AA38FCD-0AFE-4336-8E55-E129E26131BF}.Release|Any CPU.Build.0 = Release|Any CPU
		{B7450A3E-120B-43BE-9AD0-EF88891438B9}.Debug|Any CPU.ActiveCfg = Debug|Any CPU
		{B7450A3E-120B-43BE-9AD0-EF88891438B9}.Debug|Any CPU.Build.0 = Debug|Any CPU
		{B7450A3E-120B-43BE-9AD0-EF88891438B9}.Release|Any CPU.ActiveCfg = Release|Any CPU
		{B7450A3E-120B-43BE-9AD0-EF88891438B9}.Release|Any CPU.Build.0 = Release|Any CPU
	EndGlobalSection
	GlobalSection(SolutionProperties) = preSolution
		HideSolutionNode = FALSE
	EndGlobalSection
	GlobalSection(ExtensibilityGlobals) = postSolution
		SolutionGuid = {C270C367-2CB4-48A4-BC97-07A9530184C4}
	EndGlobalSection
EndGlobal
